FORGE
  remote: http://forge.puppetlabs.com
  specs:
    erikwebb/drush (0.0.2)
      rafaelfc/pear (>= 0.0.0)
    maestrodev/wget (1.3.2)
    nodes/php (0.8.0)
      puppetlabs/apt (> 0.0.0)
      puppetlabs/stdlib (> 0.0.0)
    puppetlabs/apache (1.0.1)
      puppetlabs/concat (>= 1.0.0)
      puppetlabs/stdlib (>= 2.4.0)
    puppetlabs/apt (1.4.2)
      puppetlabs/stdlib (>= 2.2.1)
    puppetlabs/concat (1.1.0-rc1)
      puppetlabs/stdlib (>= 3.0.0)
    puppetlabs/firewall (1.0.2)
    puppetlabs/gcc (0.1.0)
    puppetlabs/mysql (2.2.3)
      puppetlabs/stdlib (>= 3.2.0)
    puppetlabs/stdlib (4.1.0)
    rafaelfc/pear (1.0.3)
    saz/memcached (2.4.0)
      puppetlabs/firewall (>= 0.1.0)
      puppetlabs/stdlib (>= 3.2.0)

GIT
  remote: https://github.com/dol/puppet-redis.git
  ref: 6fb86422e7
  sha: 6fb86422e7f72514d679dda76e8a6fdd12b4cc6b
  specs:
    redis (0.0.9)
      maestrodev/wget (>= 0)
      puppetlabs/gcc (>= 0)

DEPENDENCIES
  erikwebb/drush (>= 0)
  nodes/php (>= 0)
  puppetlabs/apache (>= 0)
  puppetlabs/mysql (>= 0)
  puppetlabs/stdlib (>= 0)
  redis (>= 0)
  saz/memcached (>= 0)

